
Microsoft Visual Studio Solution File, Format Version 12.00
# Visual Studio Version 16
VisualStudioVersion = 16.0.29326.143
MinimumVisualStudioVersion = 10.0.40219.1
Project("{9A19103F-16F7-4668-BE54-9A1E7A4F7556}") = "TestDBConnection", "TestDBConnection\TestDBConnection.csproj", "{45735B39-1FF6-4E35-8559-6114080B21EA}"
EndProject
Project("{FAE04EC0-301F-11D3-BF4B-00C04F79EFBC}") = "GUI", "GUI\GUI.csproj", "{97725711-29A3-4CD3-B755-405C4EDDDF6D}"
EndProject
Project("{FAE04EC0-301F-11D3-BF4B-00C04F79EFBC}") = "DB2SQM", "DB2SQM\DB2SQM.csproj", "{C8A14439-EBCC-4166-AD9C-1F70057F6ADF}"
EndProject
Project("{2150E333-8FDC-42A3-9474-1A3956D46DE8}") = "Solution Items", "Solution Items", "{BA0935E6-A991-4D29-A0D3-08E127191EA2}"
	ProjectSection(SolutionItems) = preProject
		README.md = README.md
	EndProjectSection
EndProject
Global
	GlobalSection(SolutionConfigurationPlatforms) = preSolution
		Debug|Any CPU = Debug|Any CPU
		Release|Any CPU = Release|Any CPU
	EndGlobalSection
	GlobalSection(ProjectConfigurationPlatforms) = postSolution
		{45735B39-1FF6-4E35-8559-6114080B21EA}.Debug|Any CPU.ActiveCfg = Debug|Any CPU
		{45735B39-1FF6-4E35-8559-6114080B21EA}.Debug|Any CPU.Build.0 = Debug|Any CPU
		{45735B39-1FF6-4E35-8559-6114080B21EA}.Release|Any CPU.ActiveCfg = Release|Any CPU
		{45735B39-1FF6-4E35-8559-6114080B21EA}.Release|Any CPU.Build.0 = Release|Any CPU
		{97725711-29A3-4CD3-B755-405C4EDDDF6D}.Debug|Any CPU.ActiveCfg = Debug|Any CPU
		{97725711-29A3-4CD3-B755-405C4EDDDF6D}.Debug|Any CPU.Build.0 = Debug|Any CPU
		{97725711-29A3-4CD3-B755-405C4EDDDF6D}.Release|Any CPU.ActiveCfg = Release|Any CPU
		{97725711-29A3-4CD3-B755-405C4EDDDF6D}.Release|Any CPU.Build.0 = Release|Any CPU
		{C8A14439-EBCC-4166-AD9C-1F70057F6ADF}.Debug|Any CPU.ActiveCfg = Debug|Any CPU
		{C8A14439-EBCC-4166-AD9C-1F70057F6ADF}.Debug|Any CPU.Build.0 = Debug|Any CPU
		{C8A14439-EBCC-4166-AD9C-1F70057F6ADF}.Release|Any CPU.ActiveCfg = Release|Any CPU
		{C8A14439-EBCC-4166-AD9C-1F70057F6ADF}.Release|Any CPU.Build.0 = Release|Any CPU
	EndGlobalSection
	GlobalSection(SolutionProperties) = preSolution
		HideSolutionNode = FALSE
	EndGlobalSection
	GlobalSection(ExtensibilityGlobals) = postSolution
		SolutionGuid = {008FC00A-3CFC-4AD9-B6E2-5E8051841131}
	EndGlobalSection
EndGlobal
