
Microsoft Visual Studio Solution File, Format Version 12.00
# Visual Studio Version 16
VisualStudioVersion = 16.0.29201.188
MinimumVisualStudioVersion = 10.0.40219.1
Project("{888888A0-9F3D-457C-B088-3A5042F75D52}") = "Mangement2SQM_w_DB", "Mangement2SQM_w_DB.pyproj", "{D8662AC3-E148-4C76-98EA-F860DC38428C}"
EndProject
Global
	GlobalSection(SolutionConfigurationPlatforms) = preSolution
		Debug|Any CPU = Debug|Any CPU
		Release|Any CPU = Release|Any CPU
	EndGlobalSection
	GlobalSection(ProjectConfigurationPlatforms) = postSolution
		{D8662AC3-E148-4C76-98EA-F860DC38428C}.Debug|Any CPU.ActiveCfg = Debug|Any CPU
		{D8662AC3-E148-4C76-98EA-F860DC38428C}.Release|Any CPU.ActiveCfg = Release|Any CPU
	EndGlobalSection
	GlobalSection(SolutionProperties) = preSolution
		HideSolutionNode = FALSE
	EndGlobalSection
	GlobalSection(ExtensibilityGlobals) = postSolution
		SolutionGuid = {BCE67896-D21B-4706-A2DF-9E23A70C59E5}
	EndGlobalSection
EndGlobal
